# This file is automatically @generated by Cargo.
# It is not intended for manual editing.
version = 4

[[package]]
name = "partbooter-cli"
version = "0.1.0"
dependencies = [
 "partbooter-common",
 "partbooter-core",
]

[[package]]
name = "partbooter-common"
version = "0.1.0"

[[package]]
name = "partbooter-core"
version = "0.1.0"
dependencies = [
 "partbooter-common",
 "partbooter-journal",
 "partbooter-payload-linux-iso",
 "partbooter-payload-winpe",
 "partbooter-windows",
]

[[package]]
name = "partbooter-helper"
version = "0.1.0"
dependencies = [
 "partbooter-common",
 "partbooter-core",
]

[[package]]
name = "partbooter-journal"
version = "0.1.0"
dependencies = [
 "partbooter-common",
]

[[package]]
name = "partbooter-payload-linux-iso"
version = "0.1.0"
dependencies = [
 "partbooter-common",
]

[[package]]
name = "partbooter-payload-winpe"
version = "0.1.0"
dependencies = [
 "partbooter-common",
]

[[package]]
name = "partbooter-windows"
version = "0.1.0"
dependencies = [
 "partbooter-common",
]
